uuid: 301fddb3-c956-49cf-8104-f9bba51758c8
langcode: en
status: true
dependencies:
  module:
    - mass_alerts
  theme:
    - mass_theme
id: alertsblock
theme: mass_theme
region: emergency_alert
weight: 0
provider: null
plugin: mass_alerts_block
settings:
  id: mass_alerts_block
  label: 'Alerts block'
  provider: mass_alerts
  label_display: '0'
  alerts_block_type: sitewide
visibility: {  }
